
Microsoft Visual Studio Solution File, Format Version 12.00
# Visual Studio 15
VisualStudioVersion = 15.0.28307.572
MinimumVisualStudioVersion = 10.0.40219.1
Project("{FAE04EC0-301F-11D3-BF4B-00C04F79EFBC}") = "app.Android", "app\app.Android\app.Android.csproj", "{5CCF67B4-383D-42E6-95F1-2FE922184519}"
EndProject
Project("{FAE04EC0-301F-11D3-BF4B-00C04F79EFBC}") = "app.iOS", "app\app.iOS\app.iOS.csproj", "{BDDBE774-4A26-40E9-BB81-8063720E4C80}"
EndProject
Project("{FAE04EC0-301F-11D3-BF4B-00C04F79EFBC}") = "app.UWP", "app\app.UWP\app.UWP.csproj", "{4CF14C34-A320-4DCB-8D79-CEE564DCB200}"
EndProject
Project("{FAE04EC0-301F-11D3-BF4B-00C04F79EFBC}") = "app", "app\app\app.csproj", "{059D5C25-D4DB-4C65-AE5E-7ED1E1675B56}"
EndProject
Global
	GlobalSection(SolutionConfigurationPlatforms) = preSolution
		Ad-Hoc|Any CPU = Ad-Hoc|Any CPU
		Ad-Hoc|ARM = Ad-Hoc|ARM
		Ad-Hoc|iPhone = Ad-Hoc|iPhone
		Ad-Hoc|iPhoneSimulator = Ad-Hoc|iPhoneSimulator
		Ad-Hoc|x64 = Ad-Hoc|x64
		Ad-Hoc|x86 = Ad-Hoc|x86
		AppStore|Any CPU = AppStore|Any CPU
		AppStore|ARM = AppStore|ARM
		AppStore|iPhone = AppStore|iPhone
		AppStore|iPhoneSimulator = AppStore|iPhoneSimulator
		AppStore|x64 = AppStore|x64
		AppStore|x86 = AppStore|x86
		Debug|Any CPU = Debug|Any CPU
		Debug|ARM = Debug|ARM
		Debug|iPhone = Debug|iPhone
		Debug|iPhoneSimulator = Debug|iPhoneSimulator
		Debug|x64 = Debug|x64
		Debug|x86 = Debug|x86
		Release|Any CPU = Release|Any CPU
		Release|ARM = Release|ARM
		Release|iPhone = Release|iPhone
		Release|iPhoneSimulator = Release|iPhoneSimulator
		Release|x64 = Release|x64
		Release|x86 = Release|x86
	EndGlobalSection
	GlobalSection(ProjectConfigurationPlatforms) = postSolution
		{5CCF67B4-383D-42E6-95F1-2FE922184519}.Ad-Hoc|Any CPU.ActiveCfg = Release|Any CPU
		{5CCF67B4-383D-42E6-95F1-2FE922184519}.Ad-Hoc|Any CPU.Build.0 = Release|Any CPU
		{5CCF67B4-383D-42E6-95F1-2FE922184519}.Ad-Hoc|Any CPU.Deploy.0 = Release|Any CPU
		{5CCF67B4-383D-42E6-95F1-2FE922184519}.Ad-Hoc|ARM.ActiveCfg = Release|Any CPU
		{5CCF67B4-383D-42E6-95F1-2FE922184519}.Ad-Hoc|ARM.Build.0 = Release|Any CPU
		{5CCF67B4-383D-42E6-95F1-2FE922184519}.Ad-Hoc|ARM.Deploy.0 = Release|Any CPU
		{5CCF67B4-383D-42E6-95F1-2FE922184519}.Ad-Hoc|iPhone.ActiveCfg = Release|Any CPU
		{5CCF67B4-383D-42E6-95F1-2FE922184519}.Ad-Hoc|iPhone.Build.0 = Release|Any CPU
		{5CCF67B4-383D-42E6-95F1-2FE922184519}.Ad-Hoc|iPhone.Deploy.0 = Release|Any CPU
		{5CCF67B4-383D-42E6-95F1-2FE922184519}.Ad-Hoc|iPhoneSimulator.ActiveCfg = Release|Any CPU
		{5CCF67B4-383D-42E6-95F1-2FE922184519}.Ad-Hoc|iPhoneSimulator.Build.0 = Release|Any CPU
		{5CCF67B4-383D-42E6-95F1-2FE922184519}.Ad-Hoc|iPhoneSimulator.Deploy.0 = Release|Any CPU
		{5CCF67B4-383D-42E6-95F1-2FE922184519}.Ad-Hoc|x64.ActiveCfg = Release|Any CPU
		{5CCF67B4-383D-42E6-95F1-2FE922184519}.Ad-Hoc|x64.Build.0 = Release|Any CPU
		{5CCF67B4-383D-42E6-95F1-2FE922184519}.Ad-Hoc|x64.Deploy.0 = Release|Any CPU
		{5CCF67B4-383D-42E6-95F1-2FE922184519}.Ad-Hoc|x86.ActiveCfg = Release|Any CPU
		{5CCF67B4-383D-42E6-95F1-2FE922184519}.Ad-Hoc|x86.Build.0 = Release|Any CPU
		{5CCF67B4-383D-42E6-95F1-2FE922184519}.Ad-Hoc|x86.Deploy.0 = Release|Any CPU
		{5CCF67B4-383D-42E6-95F1-2FE922184519}.AppStore|Any CPU.ActiveCfg = Release|Any CPU
		{5CCF67B4-383D-42E6-95F1-2FE922184519}.AppStore|Any CPU.Build.0 = Release|Any CPU
		{5CCF67B4-383D-42E6-95F1-2FE922184519}.AppStore|Any CPU.Deploy.0 = Release|Any CPU
		{5CCF67B4-383D-42E6-95F1-2FE922184519}.AppStore|ARM.ActiveCfg = Release|Any CPU
		{5CCF67B4-383D-42E6-95F1-2FE922184519}.AppStore|ARM.Build.0 = Release|Any CPU
		{5CCF67B4-383D-42E6-95F1-2FE922184519}.AppStore|ARM.Deploy.0 = Release|Any CPU
		{5CCF67B4-383D-42E6-95F1-2FE922184519}.AppStore|iPhone.ActiveCfg = Release|Any CPU
		{5CCF67B4-383D-42E6-95F1-2FE922184519}.AppStore|iPhone.Build.0 = Release|Any CPU
		{5CCF67B4-383D-42E6-95F1-2FE922184519}.AppStore|iPhone.Deploy.0 = Release|Any CPU
		{5CCF67B4-383D-42E6-95F1-2FE922184519}.AppStore|iPhoneSimulator.ActiveCfg = Release|Any CPU
		{5CCF67B4-383D-42E6-95F1-2FE922184519}.AppStore|iPhoneSimulator.Build.0 = Release|Any CPU
		{5CCF67B4-383D-42E6-95F1-2FE922184519}.AppStore|iPhoneSimulator.Deploy.0 = Release|Any CPU
		{5CCF67B4-383D-42E6-95F1-2FE922184519}.AppStore|x64.ActiveCfg = Release|Any CPU
		{5CCF67B4-383D-42E6-95F1-2FE922184519}.AppStore|x64.Build.0 = Release|Any CPU
		{5CCF67B4-383D-42E6-95F1-2FE922184519}.AppStore|x64.Deploy.0 = Release|Any CPU
		{5CCF67B4-383D-42E6-95F1-2FE922184519}.AppStore|x86.ActiveCfg = Release|Any CPU
		{5CCF67B4-383D-42E6-95F1-2FE922184519}.AppStore|x86.Build.0 = Release|Any CPU
		{5CCF67B4-383D-42E6-95F1-2FE922184519}.AppStore|x86.Deploy.0 = Release|Any CPU
		{5CCF67B4-383D-42E6-95F1-2FE922184519}.Debug|Any CPU.ActiveCfg = Debug|Any CPU
		{5CCF67B4-383D-42E6-95F1-2FE922184519}.Debug|Any CPU.Build.0 = Debug|Any CPU
		{5CCF67B4-383D-42E6-95F1-2FE922184519}.Debug|Any CPU.Deploy.0 = Debug|Any CPU
		{5CCF67B4-383D-42E6-95F1-2FE922184519}.Debug|ARM.ActiveCfg = Debug|Any CPU
		{5CCF67B4-383D-42E6-95F1-2FE922184519}.Debug|ARM.Build.0 = Debug|Any CPU
		{5CCF67B4-383D-42E6-95F1-2FE922184519}.Debug|ARM.Deploy.0 = Debug|Any CPU
		{5CCF67B4-383D-42E6-95F1-2FE922184519}.Debug|iPhone.ActiveCfg = Debug|Any CPU
		{5CCF67B4-383D-42E6-95F1-2FE922184519}.Debug|iPhone.Build.0 = Debug|Any CPU
		{5CCF67B4-383D-42E6-95F1-2FE922184519}.Debug|iPhone.Deploy.0 = Debug|Any CPU
		{5CCF67B4-383D-42E6-95F1-2FE922184519}.Debug|iPhoneSimulator.ActiveCfg = Debug|Any CPU
		{5CCF67B4-383D-42E6-95F1-2FE922184519}.Debug|iPhoneSimulator.Build.0 = Debug|Any CPU
		{5CCF67B4-383D-42E6-95F1-2FE922184519}.Debug|iPhoneSimulator.Deploy.0 = Debug|Any CPU
		{5CCF67B4-383D-42E6-95F1-2FE922184519}.Debug|x64.ActiveCfg = Debug|Any CPU
		{5CCF67B4-383D-42E6-95F1-2FE922184519}.Debug|x64.Build.0 = Debug|Any CPU
		{5CCF67B4-383D-42E6-95F1-2FE922184519}.Debug|x64.Deploy.0 = Debug|Any CPU
		{5CCF67B4-383D-42E6-95F1-2FE922184519}.Debug|x86.ActiveCfg = Debug|Any CPU
		{5CCF67B4-383D-42E6-95F1-2FE922184519}.Debug|x86.Build.0 = Debug|Any CPU
		{5CCF67B4-383D-42E6-95F1-2FE922184519}.Debug|x86.Deploy.0 = Debug|Any CPU
		{5CCF67B4-383D-42E6-95F1-2FE922184519}.Release|Any CPU.ActiveCfg = Release|Any CPU
		{5CCF67B4-383D-42E6-95F1-2FE922184519}.Release|Any CPU.Build.0 = Release|Any CPU
		{5CCF67B4-383D-42E6-95F1-2FE922184519}.Release|Any CPU.Deploy.0 = Release|Any CPU
		{5CCF67B4-383D-42E6-95F1-2FE922184519}.Release|ARM.ActiveCfg = Release|Any CPU
		{5CCF67B4-383D-42E6-95F1-2FE922184519}.Release|ARM.Build.0 = Release|Any CPU
		{5CCF67B4-383D-42E6-95F1-2FE922184519}.Release|ARM.Deploy.0 = Release|Any CPU
		{5CCF67B4-383D-42E6-95F1-2FE922184519}.Release|iPhone.ActiveCfg = Release|Any CPU
		{5CCF67B4-383D-42E6-95F1-2FE922184519}.Release|iPhone.Build.0 = Release|Any CPU
		{5CCF67B4-383D-42E6-95F1-2FE922184519}.Release|iPhone.Deploy.0 = Release|Any CPU
		{5CCF67B4-383D-42E6-95F1-2FE922184519}.Release|iPhoneSimulator.ActiveCfg = Release|Any CPU
		{5CCF67B4-383D-42E6-95F1-2FE922184519}.Release|iPhoneSimulator.Build.0 = Release|Any CPU
		{5CCF67B4-383D-42E6-95F1-2FE922184519}.Release|iPhoneSimulator.Deploy.0 = Release|Any CPU
		{5CCF67B4-383D-42E6-95F1-2FE922184519}.Release|x64.ActiveCfg = Release|Any CPU
		{5CCF67B4-383D-42E6-95F1-2FE922184519}.Release|x64.Build.0 = Release|Any CPU
		{5CCF67B4-383D-42E6-95F1-2FE922184519}.Release|x64.Deploy.0 = Release|Any CPU
		{5CCF67B4-383D-42E6-95F1-2FE922184519}.Release|x86.ActiveCfg = Release|Any CPU
		{5CCF67B4-383D-42E6-95F1-2FE922184519}.Release|x86.Build.0 = Release|Any CPU
		{5CCF67B4-383D-42E6-95F1-2FE922184519}.Release|x86.Deploy.0 = Release|Any CPU
		{BDDBE774-4A26-40E9-BB81-8063720E4C80}.Ad-Hoc|Any CPU.ActiveCfg = Ad-Hoc|iPhone
		{BDDBE774-4A26-40E9-BB81-8063720E4C80}.Ad-Hoc|Any CPU.Build.0 = Ad-Hoc|iPhone
		{BDDBE774-4A26-40E9-BB81-8063720E4C80}.Ad-Hoc|Any CPU.Deploy.0 = Ad-Hoc|iPhone
		{BDDBE774-4A26-40E9-BB81-8063720E4C80}.Ad-Hoc|ARM.ActiveCfg = Ad-Hoc|iPhone
		{BDDBE774-4A26-40E9-BB81-8063720E4C80}.Ad-Hoc|ARM.Build.0 = Ad-Hoc|iPhone
		{BDDBE774-4A26-40E9-BB81-8063720E4C80}.Ad-Hoc|ARM.Deploy.0 = Ad-Hoc|iPhone
		{BDDBE774-4A26-40E9-BB81-8063720E4C80}.Ad-Hoc|iPhone.ActiveCfg = Ad-Hoc|iPhone
		{BDDBE774-4A26-40E9-BB81-8063720E4C80}.Ad-Hoc|iPhone.Build.0 = Ad-Hoc|iPhone
		{BDDBE774-4A26-40E9-BB81-8063720E4C80}.Ad-Hoc|iPhone.Deploy.0 = Ad-Hoc|iPhone
		{BDDBE774-4A26-40E9-BB81-8063720E4C80}.Ad-Hoc|iPhoneSimulator.ActiveCfg = Ad-Hoc|iPhoneSimulator
		{BDDBE774-4A26-40E9-BB81-8063720E4C80}.Ad-Hoc|iPhoneSimulator.Build.0 = Ad-Hoc|iPhoneSimulator
		{BDDBE774-4A26-40E9-BB81-8063720E4C80}.Ad-Hoc|iPhoneSimulator.Deploy.0 = Ad-Hoc|iPhoneSimulator
		{BDDBE774-4A26-40E9-BB81-8063720E4C80}.Ad-Hoc|x64.ActiveCfg = Ad-Hoc|iPhone
		{BDDBE774-4A26-40E9-BB81-8063720E4C80}.Ad-Hoc|x64.Build.0 = Ad-Hoc|iPhone
		{BDDBE774-4A26-40E9-BB81-8063720E4C80}.Ad-Hoc|x64.Deploy.0 = Ad-Hoc|iPhone
		{BDDBE774-4A26-40E9-BB81-8063720E4C80}.Ad-Hoc|x86.ActiveCfg = Ad-Hoc|iPhone
		{BDDBE774-4A26-40E9-BB81-8063720E4C80}.Ad-Hoc|x86.Build.0 = Ad-Hoc|iPhone
		{BDDBE774-4A26-40E9-BB81-8063720E4C80}.Ad-Hoc|x86.Deploy.0 = Ad-Hoc|iPhone
		{BDDBE774-4A26-40E9-BB81-8063720E4C80}.AppStore|Any CPU.ActiveCfg = AppStore|iPhone
		{BDDBE774-4A26-40E9-BB81-8063720E4C80}.AppStore|Any CPU.Build.0 = AppStore|iPhone
		{BDDBE774-4A26-40E9-BB81-8063720E4C80}.AppStore|Any CPU.Deploy.0 = AppStore|iPhone
		{BDDBE774-4A26-40E9-BB81-8063720E4C80}.AppStore|ARM.ActiveCfg = AppStore|iPhone
		{BDDBE774-4A26-40E9-BB81-8063720E4C80}.AppStore|ARM.Build.0 = AppStore|iPhone
		{BDDBE774-4A26-40E9-BB81-8063720E4C80}.AppStore|ARM.Deploy.0 = AppStore|iPhone
		{BDDBE774-4A26-40E9-BB81-8063720E4C80}.AppStore|iPhone.ActiveCfg = AppStore|iPhone
		{BDDBE774-4A26-40E9-BB81-8063720E4C80}.AppStore|iPhone.Build.0 = AppStore|iPhone
		{BDDBE774-4A26-40E9-BB81-8063720E4C80}.AppStore|iPhone.Deploy.0 = AppStore|iPhone
		{BDDBE774-4A26-40E9-BB81-8063720E4C80}.AppStore|iPhoneSimulator.ActiveCfg = AppStore|iPhoneSimulator
		{BDDBE774-4A26-40E9-BB81-8063720E4C80}.AppStore|iPhoneSimulator.Build.0 = AppStore|iPhoneSimulator
		{BDDBE774-4A26-40E9-BB81-8063720E4C80}.AppStore|iPhoneSimulator.Deploy.0 = AppStore|iPhoneSimulator
		{BDDBE774-4A26-40E9-BB81-8063720E4C80}.AppStore|x64.ActiveCfg = AppStore|iPhone
		{BDDBE774-4A26-40E9-BB81-8063720E4C80}.AppStore|x64.Build.0 = AppStore|iPhone
		{BDDBE774-4A26-40E9-BB81-8063720E4C80}.AppStore|x64.Deploy.0 = AppStore|iPhone
		{BDDBE774-4A26-40E9-BB81-8063720E4C80}.AppStore|x86.ActiveCfg = AppStore|iPhone
		{BDDBE774-4A26-40E9-BB81-8063720E4C80}.AppStore|x86.Build.0 = AppStore|iPhone
		{BDDBE774-4A26-40E9-BB81-8063720E4C80}.AppStore|x86.Deploy.0 = AppStore|iPhone
		{BDDBE774-4A26-40E9-BB81-8063720E4C80}.Debug|Any CPU.ActiveCfg = Debug|iPhoneSimulator
		{BDDBE774-4A26-40E9-BB81-8063720E4C80}.Debug|Any CPU.Build.0 = Debug|iPhoneSimulator
		{BDDBE774-4A26-40E9-BB81-8063720E4C80}.Debug|Any CPU.Deploy.0 = Debug|iPhoneSimulator
		{BDDBE774-4A26-40E9-BB81-8063720E4C80}.Debug|ARM.ActiveCfg = Debug|iPhone
		{BDDBE774-4A26-40E9-BB81-8063720E4C80}.Debug|ARM.Build.0 = Debug|iPhone
		{BDDBE774-4A26-40E9-BB81-8063720E4C80}.Debug|ARM.Deploy.0 = Debug|iPhone
		{BDDBE774-4A26-40E9-BB81-8063720E4C80}.Debug|iPhone.ActiveCfg = Debug|iPhone
		{BDDBE774-4A26-40E9-BB81-8063720E4C80}.Debug|iPhone.Build.0 = Debug|iPhone
		{BDDBE774-4A26-40E9-BB81-8063720E4C80}.Debug|iPhone.Deploy.0 = Debug|iPhone
		{BDDBE774-4A26-40E9-BB81-8063720E4C80}.Debug|iPhoneSimulator.ActiveCfg = Debug|iPhoneSimulator
		{BDDBE774-4A26-40E9-BB81-8063720E4C80}.Debug|iPhoneSimulator.Build.0 = Debug|iPhoneSimulator
		{BDDBE774-4A26-40E9-BB81-8063720E4C80}.Debug|iPhoneSimulator.Deploy.0 = Debug|iPhoneSimulator
		{BDDBE774-4A26-40E9-BB81-8063720E4C80}.Debug|x64.ActiveCfg = Debug|iPhone
		{BDDBE774-4A26-40E9-BB81-8063720E4C80}.Debug|x64.Build.0 = Debug|iPhone
		{BDDBE774-4A26-40E9-BB81-8063720E4C80}.Debug|x64.Deploy.0 = Debug|iPhone
		{BDDBE774-4A26-40E9-BB81-8063720E4C80}.Debug|x86.ActiveCfg = Debug|iPhone
		{BDDBE774-4A26-40E9-BB81-8063720E4C80}.Debug|x86.Build.0 = Debug|iPhone
		{BDDBE774-4A26-40E9-BB81-8063720E4C80}.Debug|x86.Deploy.0 = Debug|iPhone
		{BDDBE774-4A26-40E9-BB81-8063720E4C80}.Release|Any CPU.ActiveCfg = Release|iPhone
		{BDDBE774-4A26-40E9-BB81-8063720E4C80}.Release|Any CPU.Build.0 = Release|iPhone
		{BDDBE774-4A26-40E9-BB81-8063720E4C80}.Release|Any CPU.Deploy.0 = Release|iPhone
		{BDDBE774-4A26-40E9-BB81-8063720E4C80}.Release|ARM.ActiveCfg = Release|iPhone
		{BDDBE774-4A26-40E9-BB81-8063720E4C80}.Release|ARM.Build.0 = Release|iPhone
		{BDDBE774-4A26-40E9-BB81-8063720E4C80}.Release|ARM.Deploy.0 = Release|iPhone
		{BDDBE774-4A26-40E9-BB81-8063720E4C80}.Release|iPhone.ActiveCfg = Release|iPhone
		{BDDBE774-4A26-40E9-BB81-8063720E4C80}.Release|iPhone.Build.0 = Release|iPhone
		{BDDBE774-4A26-40E9-BB81-8063720E4C80}.Release|iPhone.Deploy.0 = Release|iPhone
		{BDDBE774-4A26-40E9-BB81-8063720E4C80}.Release|iPhoneSimulator.ActiveCfg = Release|iPhoneSimulator
		{BDDBE774-4A26-40E9-BB81-8063720E4C80}.Release|iPhoneSimulator.Build.0 = Release|iPhoneSimulator
		{BDDBE774-4A26-40E9-BB81-8063720E4C80}.Release|iPhoneSimulator.Deploy.0 = Release|iPhoneSimulator
		{BDDBE774-4A26-40E9-BB81-8063720E4C80}.Release|x64.ActiveCfg = Release|iPhone
		{BDDBE774-4A26-40E9-BB81-8063720E4C80}.Release|x64.Build.0 = Release|iPhone
		{BDDBE774-4A26-40E9-BB81-8063720E4C80}.Release|x64.Deploy.0 = Release|iPhone
		{BDDBE774-4A26-40E9-BB81-8063720E4C80}.Release|x86.ActiveCfg = Release|iPhone
		{BDDBE774-4A26-40E9-BB81-8063720E4C80}.Release|x86.Build.0 = Release|iPhone
		{BDDBE774-4A26-40E9-BB81-8063720E4C80}.Release|x86.Deploy.0 = Release|iPhone
		{4CF14C34-A320-4DCB-8D79-CEE564DCB200}.Ad-Hoc|Any CPU.ActiveCfg = Release|x86
		{4CF14C34-A320-4DCB-8D79-CEE564DCB200}.Ad-Hoc|Any CPU.Build.0 = Release|x86
		{4CF14C34-A320-4DCB-8D79-CEE564DCB200}.Ad-Hoc|Any CPU.Deploy.0 = Release|x86
		{4CF14C34-A320-4DCB-8D79-CEE564DCB200}.Ad-Hoc|ARM.ActiveCfg = Release|ARM
		{4CF14C34-A320-4DCB-8D79-CEE564DCB200}.Ad-Hoc|ARM.Build.0 = Release|ARM
		{4CF14C34-A320-4DCB-8D79-CEE564DCB200}.Ad-Hoc|ARM.Deploy.0 = Release|ARM
		{4CF14C34-A320-4DCB-8D79-CEE564DCB200}.Ad-Hoc|iPhone.ActiveCfg = Release|x86
		{4CF14C34-A320-4DCB-8D79-CEE564DCB200}.Ad-Hoc|iPhone.Build.0 = Release|x86
		{4CF14C34-A320-4DCB-8D79-CEE564DCB200}.Ad-Hoc|iPhone.Deploy.0 = Release|x86
		{4CF14C34-A320-4DCB-8D79-CEE564DCB200}.Ad-Hoc|iPhoneSimulator.ActiveCfg = Release|x86
		{4CF14C34-A320-4DCB-8D79-CEE564DCB200}.Ad-Hoc|iPhoneSimulator.Build.0 = Release|x86
		{4CF14C34-A320-4DCB-8D79-CEE564DCB200}.Ad-Hoc|iPhoneSimulator.Deploy.0 = Release|x86
		{4CF14C34-A320-4DCB-8D79-CEE564DCB200}.Ad-Hoc|x64.ActiveCfg = Release|x64
		{4CF14C34-A320-4DCB-8D79-CEE564DCB200}.Ad-Hoc|x64.Build.0 = Release|x64
		{4CF14C34-A320-4DCB-8D79-CEE564DCB200}.Ad-Hoc|x64.Deploy.0 = Release|x64
		{4CF14C34-A320-4DCB-8D79-CEE564DCB200}.Ad-Hoc|x86.ActiveCfg = Release|x86
		{4CF14C34-A320-4DCB-8D79-CEE564DCB200}.Ad-Hoc|x86.Build.0 = Release|x86
		{4CF14C34-A320-4DCB-8D79-CEE564DCB200}.Ad-Hoc|x86.Deploy.0 = Release|x86
		{4CF14C34-A320-4DCB-8D79-CEE564DCB200}.AppStore|Any CPU.ActiveCfg = Release|x86
		{4CF14C34-A320-4DCB-8D79-CEE564DCB200}.AppStore|Any CPU.Build.0 = Release|x86
		{4CF14C34-A320-4DCB-8D79-CEE564DCB200}.AppStore|Any CPU.Deploy.0 = Release|x86
		{4CF14C34-A320-4DCB-8D79-CEE564DCB200}.AppStore|ARM.ActiveCfg = Release|ARM
		{4CF14C34-A320-4DCB-8D79-CEE564DCB200}.AppStore|ARM.Build.0 = Release|ARM
		{4CF14C34-A320-4DCB-8D79-CEE564DCB200}.AppStore|ARM.Deploy.0 = Release|ARM
		{4CF14C34-A320-4DCB-8D79-CEE564DCB200}.AppStore|iPhone.ActiveCfg = Release|x86
		{4CF14C34-A320-4DCB-8D79-CEE564DCB200}.AppStore|iPhone.Build.0 = Release|x86
		{4CF14C34-A320-4DCB-8D79-CEE564DCB200}.AppStore|iPhone.Deploy.0 = Release|x86
		{4CF14C34-A320-4DCB-8D79-CEE564DCB200}.AppStore|iPhoneSimulator.ActiveCfg = Release|x86
		{4CF14C34-A320-4DCB-8D79-CEE564DCB200}.AppStore|iPhoneSimulator.Build.0 = Release|x86
		{4CF14C34-A320-4DCB-8D79-CEE564DCB200}.AppStore|iPhoneSimulator.Deploy.0 = Release|x86
		{4CF14C34-A320-4DCB-8D79-CEE564DCB200}.AppStore|x64.ActiveCfg = Release|x64
		{4CF14C34-A320-4DCB-8D79-CEE564DCB200}.AppStore|x64.Build.0 = Release|x64
		{4CF14C34-A320-4DCB-8D79-CEE564DCB200}.AppStore|x64.Deploy.0 = Release|x64
		{4CF14C34-A320-4DCB-8D79-CEE564DCB200}.AppStore|x86.ActiveCfg = Release|x86
		{4CF14C34-A320-4DCB-8D79-CEE564DCB200}.AppStore|x86.Build.0 = Release|x86
		{4CF14C34-A320-4DCB-8D79-CEE564DCB200}.AppStore|x86.Deploy.0 = Release|x86
		{4CF14C34-A320-4DCB-8D79-CEE564DCB200}.Debug|Any CPU.ActiveCfg = Debug|x86
		{4CF14C34-A320-4DCB-8D79-CEE564DCB200}.Debug|Any CPU.Build.0 = Debug|x86
		{4CF14C34-A320-4DCB-8D79-CEE564DCB200}.Debug|Any CPU.Deploy.0 = Debug|x86
		{4CF14C34-A320-4DCB-8D79-CEE564DCB200}.Debug|ARM.ActiveCfg = Debug|ARM
		{4CF14C34-A320-4DCB-8D79-CEE564DCB200}.Debug|ARM.Build.0 = Debug|ARM
		{4CF14C34-A320-4DCB-8D79-CEE564DCB200}.Debug|ARM.Deploy.0 = Debug|ARM
		{4CF14C34-A320-4DCB-8D79-CEE564DCB200}.Debug|iPhone.ActiveCfg = Debug|x86
		{4CF14C34-A320-4DCB-8D79-CEE564DCB200}.Debug|iPhone.Build.0 = Debug|x86
		{4CF14C34-A320-4DCB-8D79-CEE564DCB200}.Debug|iPhone.Deploy.0 = Debug|x86
		{4CF14C34-A320-4DCB-8D79-CEE564DCB200}.Debug|iPhoneSimulator.ActiveCfg = Debug|x86
		{4CF14C34-A320-4DCB-8D79-CEE564DCB200}.Debug|iPhoneSimulator.Build.0 = Debug|x86
		{4CF14C34-A320-4DCB-8D79-CEE564DCB200}.Debug|iPhoneSimulator.Deploy.0 = Debug|x86
		{4CF14C34-A320-4DCB-8D79-CEE564DCB200}.Debug|x64.ActiveCfg = Debug|x64
		{4CF14C34-A320-4DCB-8D79-CEE564DCB200}.Debug|x64.Build.0 = Debug|x64
		{4CF14C34-A320-4DCB-8D79-CEE564DCB200}.Debug|x64.Deploy.0 = Debug|x64
		{4CF14C34-A320-4DCB-8D79-CEE564DCB200}.Debug|x86.ActiveCfg = Debug|x86
		{4CF14C34-A320-4DCB-8D79-CEE564DCB200}.Debug|x86.Build.0 = Debug|x86
		{4CF14C34-A320-4DCB-8D79-CEE564DCB200}.Debug|x86.Deploy.0 = Debug|x86
		{4CF14C34-A320-4DCB-8D79-CEE564DCB200}.Release|Any CPU.ActiveCfg = Release|x86
		{4CF14C34-A320-4DCB-8D79-CEE564DCB200}.Release|Any CPU.Build.0 = Release|x86
		{4CF14C34-A320-4DCB-8D79-CEE564DCB200}.Release|Any CPU.Deploy.0 = Release|x86
		{4CF14C34-A320-4DCB-8D79-CEE564DCB200}.Release|ARM.ActiveCfg = Release|ARM
		{4CF14C34-A320-4DCB-8D79-CEE564DCB200}.Release|ARM.Build.0 = Release|ARM
		{4CF14C34-A320-4DCB-8D79-CEE564DCB200}.Release|ARM.Deploy.0 = Release|ARM
		{4CF14C34-A320-4DCB-8D79-CEE564DCB200}.Release|iPhone.ActiveCfg = Release|x86
		{4CF14C34-A320-4DCB-8D79-CEE564DCB200}.Release|iPhone.Build.0 = Release|x86
		{4CF14C34-A320-4DCB-8D79-CEE564DCB200}.Release|iPhone.Deploy.0 = Release|x86
		{4CF14C34-A320-4DCB-8D79-CEE564DCB200}.Release|iPhoneSimulator.ActiveCfg = Release|x86
		{4CF14C34-A320-4DCB-8D79-CEE564DCB200}.Release|iPhoneSimulator.Build.0 = Release|x86
		{4CF14C34-A320-4DCB-8D79-CEE564DCB200}.Release|iPhoneSimulator.Deploy.0 = Release|x86
		{4CF14C34-A320-4DCB-8D79-CEE564DCB200}.Release|x64.ActiveCfg = Release|x64
		{4CF14C34-A320-4DCB-8D79-CEE564DCB200}.Release|x64.Build.0 = Release|x64
		{4CF14C34-A320-4DCB-8D79-CEE564DCB200}.Release|x64.Deploy.0 = Release|x64
		{4CF14C34-A320-4DCB-8D79-CEE564DCB200}.Release|x86.ActiveCfg = Release|x86
		{4CF14C34-A320-4DCB-8D79-CEE564DCB200}.Release|x86.Build.0 = Release|x86
		{4CF14C34-A320-4DCB-8D79-CEE564DCB200}.Release|x86.Deploy.0 = Release|x86
		{059D5C25-D4DB-4C65-AE5E-7ED1E1675B56}.Ad-Hoc|Any CPU.ActiveCfg = Debug|Any CPU
		{059D5C25-D4DB-4C65-AE5E-7ED1E1675B56}.Ad-Hoc|Any CPU.Build.0 = Debug|Any CPU
		{059D5C25-D4DB-4C65-AE5E-7ED1E1675B56}.Ad-Hoc|Any CPU.Deploy.0 = Debug|Any CPU
		{059D5C25-D4DB-4C65-AE5E-7ED1E1675B56}.Ad-Hoc|ARM.ActiveCfg = Debug|Any CPU
		{059D5C25-D4DB-4C65-AE5E-7ED1E1675B56}.Ad-Hoc|ARM.Build.0 = Debug|Any CPU
		{059D5C25-D4DB-4C65-AE5E-7ED1E1675B56}.Ad-Hoc|ARM.Deploy.0 = Debug|Any CPU
		{059D5C25-D4DB-4C65-AE5E-7ED1E1675B56}.Ad-Hoc|iPhone.ActiveCfg = Debug|Any CPU
		{059D5C25-D4DB-4C65-AE5E-7ED1E1675B56}.Ad-Hoc|iPhone.Build.0 = Debug|Any CPU
		{059D5C25-D4DB-4C65-AE5E-7ED1E1675B56}.Ad-Hoc|iPhone.Deploy.0 = Debug|Any CPU
		{059D5C25-D4DB-4C65-AE5E-7ED1E1675B56}.Ad-Hoc|iPhoneSimulator.ActiveCfg = Debug|Any CPU
		{059D5C25-D4DB-4C65-AE5E-7ED1E1675B56}.Ad-Hoc|iPhoneSimulator.Build.0 = Debug|Any CPU
		{059D5C25-D4DB-4C65-AE5E-7ED1E1675B56}.Ad-Hoc|iPhoneSimulator.Deploy.0 = Debug|Any CPU
		{059D5C25-D4DB-4C65-AE5E-7ED1E1675B56}.Ad-Hoc|x64.ActiveCfg = Debug|Any CPU
		{059D5C25-D4DB-4C65-AE5E-7ED1E1675B56}.Ad-Hoc|x64.Build.0 = Debug|Any CPU
		{059D5C25-D4DB-4C65-AE5E-7ED1E1675B56}.Ad-Hoc|x64.Deploy.0 = Debug|Any CPU
		{059D5C25-D4DB-4C65-AE5E-7ED1E1675B56}.Ad-Hoc|x86.ActiveCfg = Debug|Any CPU
		{059D5C25-D4DB-4C65-AE5E-7ED1E1675B56}.Ad-Hoc|x86.Build.0 = Debug|Any CPU
		{059D5C25-D4DB-4C65-AE5E-7ED1E1675B56}.Ad-Hoc|x86.Deploy.0 = Debug|Any CPU
		{059D5C25-D4DB-4C65-AE5E-7ED1E1675B56}.AppStore|Any CPU.ActiveCfg = Debug|Any CPU
		{059D5C25-D4DB-4C65-AE5E-7ED1E1675B56}.AppStore|Any CPU.Build.0 = Debug|Any CPU
		{059D5C25-D4DB-4C65-AE5E-7ED1E1675B56}.AppStore|Any CPU.Deploy.0 = Debug|Any CPU
		{059D5C25-D4DB-4C65-AE5E-7ED1E1675B56}.AppStore|ARM.ActiveCfg = Debug|Any CPU
		{059D5C25-D4DB-4C65-AE5E-7ED1E1675B56}.AppStore|ARM.Build.0 = Debug|Any CPU
		{059D5C25-D4DB-4C65-AE5E-7ED1E1675B56}.AppStore|ARM.Deploy.0 = Debug|Any CPU
		{059D5C25-D4DB-4C65-AE5E-7ED1E1675B56}.AppStore|iPhone.ActiveCfg = Debug|Any CPU
		{059D5C25-D4DB-4C65-AE5E-7ED1E1675B56}.AppStore|iPhone.Build.0 = Debug|Any CPU
		{059D5C25-D4DB-4C65-AE5E-7ED1E1675B56}.AppStore|iPhone.Deploy.0 = Debug|Any CPU
		{059D5C25-D4DB-4C65-AE5E-7ED1E1675B56}.AppStore|iPhoneSimulator.ActiveCfg = Debug|Any CPU
		{059D5C25-D4DB-4C65-AE5E-7ED1E1675B56}.AppStore|iPhoneSimulator.Build.0 = Debug|Any CPU
		{059D5C25-D4DB-4C65-AE5E-7ED1E1675B56}.AppStore|iPhoneSimulator.Deploy.0 = Debug|Any CPU
		{059D5C25-D4DB-4C65-AE5E-7ED1E1675B56}.AppStore|x64.ActiveCfg = Debug|Any CPU
		{059D5C25-D4DB-4C65-AE5E-7ED1E1675B56}.AppStore|x64.Build.0 = Debug|Any CPU
		{059D5C25-D4DB-4C65-AE5E-7ED1E1675B56}.AppStore|x64.Deploy.0 = Debug|Any CPU
		{059D5C25-D4DB-4C65-AE5E-7ED1E1675B56}.AppStore|x86.ActiveCfg = Debug|Any CPU
		{059D5C25-D4DB-4C65-AE5E-7ED1E1675B56}.AppStore|x86.Build.0 = Debug|Any CPU
		{059D5C25-D4DB-4C65-AE5E-7ED1E1675B56}.AppStore|x86.Deploy.0 = Debug|Any CPU
		{059D5C25-D4DB-4C65-AE5E-7ED1E1675B56}.Debug|Any CPU.ActiveCfg = Debug|Any CPU
		{059D5C25-D4DB-4C65-AE5E-7ED1E1675B56}.Debug|Any CPU.Build.0 = Debug|Any CPU
		{059D5C25-D4DB-4C65-AE5E-7ED1E1675B56}.Debug|Any CPU.Deploy.0 = Debug|Any CPU
		{059D5C25-D4DB-4C65-AE5E-7ED1E1675B56}.Debug|ARM.ActiveCfg = Debug|Any CPU
		{059D5C25-D4DB-4C65-AE5E-7ED1E1675B56}.Debug|ARM.Build.0 = Debug|Any CPU
		{059D5C25-D4DB-4C65-AE5E-7ED1E1675B56}.Debug|ARM.Deploy.0 = Debug|Any CPU
		{059D5C25-D4DB-4C65-AE5E-7ED1E1675B56}.Debug|iPhone.ActiveCfg = Debug|Any CPU
		{059D5C25-D4DB-4C65-AE5E-7ED1E1675B56}.Debug|iPhone.Build.0 = Debug|Any CPU
		{059D5C25-D4DB-4C65-AE5E-7ED1E1675B56}.Debug|iPhone.Deploy.0 = Debug|Any CPU
		{059D5C25-D4DB-4C65-AE5E-7ED1E1675B56}.Debug|iPhoneSimulator.ActiveCfg = Debug|Any CPU
		{059D5C25-D4DB-4C65-AE5E-7ED1E1675B56}.Debug|iPhoneSimulator.Build.0 = Debug|Any CPU
		{059D5C25-D4DB-4C65-AE5E-7ED1E1675B56}.Debug|iPhoneSimulator.Deploy.0 = Debug|Any CPU
		{059D5C25-D4DB-4C65-AE5E-7ED1E1675B56}.Debug|x64.ActiveCfg = Debug|Any CPU
		{059D5C25-D4DB-4C65-AE5E-7ED1E1675B56}.Debug|x64.Build.0 = Debug|Any CPU
		{059D5C25-D4DB-4C65-AE5E-7ED1E1675B56}.Debug|x64.Deploy.0 = Debug|Any CPU
		{059D5C25-D4DB-4C65-AE5E-7ED1E1675B56}.Debug|x86.ActiveCfg = Debug|Any CPU
		{059D5C25-D4DB-4C65-AE5E-7ED1E1675B56}.Debug|x86.Build.0 = Debug|Any CPU
		{059D5C25-D4DB-4C65-AE5E-7ED1E1675B56}.Debug|x86.Deploy.0 = Debug|Any CPU
		{059D5C25-D4DB-4C65-AE5E-7ED1E1675B56}.Release|Any CPU.ActiveCfg = Release|Any CPU
		{059D5C25-D4DB-4C65-AE5E-7ED1E1675B56}.Release|Any CPU.Build.0 = Release|Any CPU
		{059D5C25-D4DB-4C65-AE5E-7ED1E1675B56}.Release|Any CPU.Deploy.0 = Release|Any CPU
		{059D5C25-D4DB-4C65-AE5E-7ED1E1675B56}.Release|ARM.ActiveCfg = Release|Any CPU
		{059D5C25-D4DB-4C65-AE5E-7ED1E1675B56}.Release|ARM.Build.0 = Release|Any CPU
		{059D5C25-D4DB-4C65-AE5E-7ED1E1675B56}.Release|ARM.Deploy.0 = Release|Any CPU
		{059D5C25-D4DB-4C65-AE5E-7ED1E1675B56}.Release|iPhone.ActiveCfg = Release|Any CPU
		{059D5C25-D4DB-4C65-AE5E-7ED1E1675B56}.Release|iPhone.Build.0 = Release|Any CPU
		{059D5C25-D4DB-4C65-AE5E-7ED1E1675B56}.Release|iPhone.Deploy.0 = Release|Any CPU
		{059D5C25-D4DB-4C65-AE5E-7ED1E1675B56}.Release|iPhoneSimulator.ActiveCfg = Release|Any CPU
		{059D5C25-D4DB-4C65-AE5E-7ED1E1675B56}.Release|iPhoneSimulator.Build.0 = Release|Any CPU
		{059D5C25-D4DB-4C65-AE5E-7ED1E1675B56}.Release|iPhoneSimulator.Deploy.0 = Release|Any CPU
		{059D5C25-D4DB-4C65-AE5E-7ED1E1675B56}.Release|x64.ActiveCfg = Release|Any CPU
		{059D5C25-D4DB-4C65-AE5E-7ED1E1675B56}.Release|x64.Build.0 = Release|Any CPU
		{059D5C25-D4DB-4C65-AE5E-7ED1E1675B56}.Release|x64.Deploy.0 = Release|Any CPU
		{059D5C25-D4DB-4C65-AE5E-7ED1E1675B56}.Release|x86.ActiveCfg = Release|Any CPU
		{059D5C25-D4DB-4C65-AE5E-7ED1E1675B56}.Release|x86.Build.0 = Release|Any CPU
		{059D5C25-D4DB-4C65-AE5E-7ED1E1675B56}.Release|x86.Deploy.0 = Release|Any CPU
	EndGlobalSection
	GlobalSection(SolutionProperties) = preSolution
		HideSolutionNode = FALSE
	EndGlobalSection
	GlobalSection(ExtensibilityGlobals) = postSolution
		SolutionGuid = {CD48F16B-21B6-4B71-8B5A-E47ACD3723FF}
	EndGlobalSection
EndGlobal
